
Microsoft Visual Studio Solution File, Format Version 12.00
# Visual Studio 15
VisualStudioVersion = 15.0.27428.2015
MinimumVisualStudioVersion = 10.0.40219.1
Project("{9A19103F-16F7-4668-BE54-9A1E7A4F7556}") = "ITTraining.Repositories.Admin", "ITTraining.Repositories.Admin.csproj", "{BCB11B1B-E6D1-49F8-AD56-3DCF672CF65F}"
EndProject
Global
	GlobalSection(SolutionConfigurationPlatforms) = preSolution
		Debug|Any CPU = Debug|Any CPU
		Production Release|Any CPU = Production Release|Any CPU
		Release|Any CPU = Release|Any CPU
	EndGlobalSection
	GlobalSection(ProjectConfigurationPlatforms) = postSolution
		{BCB11B1B-E6D1-49F8-AD56-3DCF672CF65F}.Debug|Any CPU.ActiveCfg = Debug|Any CPU
		{BCB11B1B-E6D1-49F8-AD56-3DCF672CF65F}.Debug|Any CPU.Build.0 = Debug|Any CPU
		{BCB11B1B-E6D1-49F8-AD56-3DCF672CF65F}.Production Release|Any CPU.ActiveCfg = Production Release|Any CPU
		{BCB11B1B-E6D1-49F8-AD56-3DCF672CF65F}.Production Release|Any CPU.Build.0 = Production Release|Any CPU
		{BCB11B1B-E6D1-49F8-AD56-3DCF672CF65F}.Release|Any CPU.ActiveCfg = Release|Any CPU
		{BCB11B1B-E6D1-49F8-AD56-3DCF672CF65F}.Release|Any CPU.Build.0 = Release|Any CPU
	EndGlobalSection
	GlobalSection(SolutionProperties) = preSolution
		HideSolutionNode = FALSE
	EndGlobalSection
	GlobalSection(ExtensibilityGlobals) = postSolution
		SolutionGuid = {5FBB4776-FD5D-4F25-AE00-2AA5559EDB74}
	EndGlobalSection
EndGlobal
